// !$*UTF8*$!
{
	archiveVersion = 1;
	classes = {
	};
	objectVersion = 50;
	objects = {

/* Begin PBXBuildFile section */
		59A13B8121EB372A00FE2EF9 /* PlayerTableViewCell.swift in Sources */ = {isa = PBXBuildFile; fileRef = 59A13B8021EB372A00FE2EF9 /* PlayerTableViewCell.swift */; };
		59A13B8321EB448000FE2EF9 /* PlayerDetailViewController.swift in Sources */ = {isa = PBXBuildFile; fileRef = 59A13B8221EB448000FE2EF9 /* PlayerDetailViewController.swift */; };
		59D4F2BA21EB25FA005D997E /* AppDelegate.swift in Sources */ = {isa = PBXBuildFile; fileRef = 59D4F2B921EB25FA005D997E /* AppDelegate.swift */; };
		59D4F2BC21EB25FA005D997E /* ViewController.swift in Sources */ = {isa = PBXBuildFile; fileRef = 59D4F2BB21EB25FA005D997E /* ViewController.swift */; };
		59D4F2BF21EB25FA005D997E /* Main.storyboard in Resources */ = {isa = PBXBuildFile; fileRef = 59D4F2BD21EB25FA005D997E /* Main.storyboard */; };
		59D4F2C121EB25FC005D997E /* Assets.xcassets in Resources */ = {isa = PBXBuildFile; fileRef = 59D4F2C021EB25FC005D997E /* Assets.xcassets */; };
		59D4F2C421EB25FC005D997E /* LaunchScreen.storyboard in Resources */ = {isa = PBXBuildFile; fileRef = 59D4F2C221EB25FC005D997E /* LaunchScreen.storyboard */; };
		59D4F2CC21EB2D41005D997E /* PlayerTableViewController.swift in Sources */ = {isa = PBXBuildFile; fileRef = 59D4F2CB21EB2D41005D997E /* PlayerTableViewController.swift */; };
		59D4F2CE21EB2E63005D997E /* PlayerResults.swift in Sources */ = {isa = PBXBuildFile; fileRef = 59D4F2CD21EB2E63005D997E /* PlayerResults.swift */; };
/* End PBXBuildFile section */

/* Begin PBXFileReference section */
		59A13B8021EB372A00FE2EF9 /* PlayerTableViewCell.swift */ = {isa = PBXFileReference; lastKnownFileType = sourcecode.swift; path = PlayerTableViewCell.swift; sourceTree = "<group>"; };
		59A13B8221EB448000FE2EF9 /* PlayerDetailViewController.swift */ = {isa = PBXFileReference; lastKnownFileType = sourcecode.swift; path = PlayerDetailViewController.swift; sourceTree = "<group>"; };
		59D4F2B621EB25FA005D997E /* FinalProject.app */ = {isa = PBXFileReference; explicitFileType = wrapper.application; includeInIndex = 0; path = FinalProject.app; sourceTree = BUILT_PRODUCTS_DIR; };
		59D4F2B921EB25FA005D997E /* AppDelegate.swift */ = {isa = PBXFileReference; lastKnownFileType = sourcecode.swift; path = AppDelegate.swift; sourceTree = "<group>"; };
		59D4F2BB21EB25FA005D997E /* ViewController.swift */ = {isa = PBXFileReference; lastKnownFileType = sourcecode.swift; path = ViewController.swift; sourceTree = "<group>"; };
		59D4F2BE21EB25FA005D997E /* Base */ = {isa = PBXFileReference; lastKnownFileType = file.storyboard; name = Base; path = Base.lproj/Main.storyboard; sourceTree = "<group>"; };
		59D4F2C021EB25FC005D997E /* Assets.xcassets */ = {isa = PBXFileReference; lastKnownFileType = folder.assetcatalog; path = Assets.xcassets; sourceTree = "<group>"; };
		59D4F2C321EB25FC005D997E /* Base */ = {isa = PBXFileReference; lastKnownFileType = file.storyboard; name = Base; path = Base.lproj/LaunchScreen.storyboard; sourceTree = "<group>"; };
		59D4F2C521EB25FC005D997E /* Info.plist */ = {isa = PBXFileReference; lastKnownFileType = text.plist.xml; path = Info.plist; sourceTree = "<group>"; };
		59D4F2CB21EB2D41005D997E /* PlayerTableViewController.swift */ = {isa = PBXFileReference; lastKnownFileType = sourcecode.swift; path = PlayerTableViewController.swift; sourceTree = "<group>"; };
		59D4F2CD21EB2E63005D997E /* PlayerResults.swift */ = {isa = PBXFileReference; lastKnownFileType = sourcecode.swift; path = PlayerResults.swift; sourceTree = "<group>"; };
/* End PBXFileReference section */

/* Begin PBXFrameworksBuildPhase section */
		59D4F2B321EB25FA005D997E /* Frameworks */ = {
			isa = PBXFrameworksBuildPhase;
			buildActionMask = 2147483647;
			files = (
			);
			runOnlyForDeploymentPostprocessing = 0;
		};
/* End PBXFrameworksBuildPhase section */

/* Begin PBXGroup section */
		59D4F2AD21EB25FA005D997E = {
			isa = PBXGroup;
			children = (
				59D4F2B821EB25FA005D997E /* FinalProject */,
				59D4F2B721EB25FA005D997E /* Products */,
			);
			sourceTree = "<group>";
		};
		59D4F2B721EB25FA005D997E /* Products */ = {
			isa = PBXGroup;
			children = (
				59D4F2B621EB25FA005D997E /* FinalProject.app */,
			);
			name = Products;
			sourceTree = "<group>";
		};
		59D4F2B821EB25FA005D997E /* FinalProject */ = {
			isa = PBXGroup;
			children = (
				59D4F2B921EB25FA005D997E /* AppDelegate.swift */,
				59D4F2BB21EB25FA005D997E /* ViewController.swift */,
				59D4F2BD21EB25FA005D997E /* Main.storyboard */,
				59D4F2C021EB25FC005D997E /* Assets.xcassets */,
				59D4F2C221EB25FC005D997E /* LaunchScreen.storyboard */,
				59D4F2C521EB25FC005D997E /* Info.plist */,
				59D4F2CD21EB2E63005D997E /* PlayerResults.swift */,
				59A13B8021EB372A00FE2EF9 /* PlayerTableViewCell.swift */,
				59D4F2CB21EB2D41005D997E /* PlayerTableViewController.swift */,
				59A13B8221EB448000FE2EF9 /* PlayerDetailViewController.swift */,
			);
			path = FinalProject;
			sourceTree = "<group>";
		};
/* End PBXGroup section */

/* Begin PBXNativeTarget section */
		59D4F2B521EB25FA005D997E /* FinalProject */ = {
			isa = PBXNativeTarget;
			buildConfigurationList = 59D4F2C821EB25FC005D997E /* Build configuration list for PBXNativeTarget "FinalProject" */;
			buildPhases = (
				59D4F2B221EB25FA005D997E /* Sources */,
				59D4F2B321EB25FA005D997E /* Frameworks */,
				59D4F2B421EB25FA005D997E /* Resources */,
			);
			buildRules = (
			);
			dependencies = (
			);
			name = FinalProject;
			productName = FinalProject;
			productReference = 59D4F2B621EB25FA005D997E /* FinalProject.app */;
			productType = "com.apple.product-type.application";
		};
/* End PBXNativeTarget section */

/* Begin PBXProject section */
		59D4F2AE21EB25FA005D997E /* Project object */ = {
			isa = PBXProject;
			attributes = {
				LastSwiftUpdateCheck = 1010;
				LastUpgradeCheck = 1010;
				ORGANIZATIONNAME = chen;
				TargetAttributes = {
					59D4F2B521EB25FA005D997E = {
						CreatedOnToolsVersion = 10.1;
					};
				};
			};
			buildConfigurationList = 59D4F2B121EB25FA005D997E /* Build configuration list for PBXProject "FinalProject" */;
			compatibilityVersion = "Xcode 9.3";
			developmentRegion = en;
			hasScannedForEncodings = 0;
			knownRegions = (
				en,
				Base,
			);
			mainGroup = 59D4F2AD21EB25FA005D997E;
			productRefGroup = 59D4F2B721EB25FA005D997E /* Products */;
			projectDirPath = "";
			projectRoot = "";
			targets = (
				59D4F2B521EB25FA005D997E /* FinalProject */,
			);
		};
/* End PBXProject section */

/* Begin PBXResourcesBuildPhase section */
		59D4F2B421EB25FA005D997E /* Resources */ = {
			isa = PBXResourcesBuildPhase;
			buildActionMask = 2147483647;
			files = (
				59D4F2C421EB25FC005D997E /* LaunchScreen.storyboard in Resources */,
				59D4F2C121EB25FC005D997E /* Assets.xcassets in Resources */,
				59D4F2BF21EB25FA005D997E /* Main.storyboard in Resources */,
			);
			runOnlyForDeploymentPostprocessing = 0;
		};
/* End PBXResourcesBuildPhase section */

/* Begin PBXSourcesBuildPhase section */
		59D4F2B221EB25FA005D997E /* Sources */ = {
			isa = PBXSourcesBuildPhase;
			buildActionMask = 2147483647;
			files = (
				59D4F2BC21EB25FA005D997E /* ViewController.swift in Sources */,
				59D4F2CE21EB2E63005D997E /* PlayerResults.swift in Sources */,
				59A13B8321EB448000FE2EF9 /* PlayerDetailViewController.swift in Sources */,
				59A13B8121EB372A00FE2EF9 /* PlayerTableViewCell.swift in Sources */,
				59D4F2BA21EB25FA005D997E /* AppDelegate.swift in Sources */,
				59D4F2CC21EB2D41005D997E /* PlayerTableViewController.swift in Sources */,
			);
			runOnlyForDeploymentPostprocessing = 0;
		};
/* End PBXSourcesBuildPhase section */

/* Begin PBXVariantGroup section */
		59D4F2BD21EB25FA005D997E /* Main.storyboard */ = {
			isa = PBXVariantGroup;
			children = (
				59D4F2BE21EB25FA005D997E /* Base */,
			);
			name = Main.storyboard;
			sourceTree = "<group>";
		};
		59D4F2C221EB25FC005D997E /* LaunchScreen.storyboard */ = {
			isa = PBXVariantGroup;
			children = (
				59D4F2C321EB25FC005D997E /* Base */,
			);
			name = LaunchScreen.storyboard;
			sourceTree = "<group>";
		};
/* End PBXVariantGroup section */

/* Begin XCBuildConfiguration section */
		59D4F2C621EB25FC005D997E /* Debug */ = {
			isa = XCBuildConfiguration;
			buildSettings = {
				ALWAYS_SEARCH_USER_PATHS = NO;
				CLANG_ANALYZER_NONNULL = YES;
				CLANG_ANALYZER_NUMBER_OBJECT_CONVERSION = YES_AGGRESSIVE;
				CLANG_CXX_LANGUAGE_STANDARD = "gnu++14";
				CLANG_CXX_LIBRARY = "libc++";
				CLANG_ENABLE_MODULES = YES;
				CLANG_ENABLE_OBJC_ARC = YES;
				CLANG_ENABLE_OBJC_WEAK = YES;
				CLANG_WARN_BLOCK_CAPTURE_AUTORELEASING = YES;
				CLANG_WARN_BOOL_CONVERSION = YES;
				CLANG_WARN_COMMA = YES;
				CLANG_WARN_CONSTANT_CONVERSION = YES;
				CLANG_WARN_DEPRECATED_OBJC_IMPLEMENTATIONS = YES;
				CLANG_WARN_DIRECT_OBJC_ISA_USAGE = YES_ERROR;
				CLANG_WARN_DOCUMENTATION_COMMENTS = YES;
				CLANG_WARN_EMPTY_BODY = YES;
				CLANG_WARN_ENUM_CONVERSION = YES;
				CLANG_WARN_INFINITE_RECURSION = YES;
				CLANG_WARN_INT_CONVERSION = YES;
				CLANG_WARN_NON_LITERAL_NULL_CONVERSION = YES;
				CLANG_WARN_OBJC_IMPLICIT_RETAIN_SELF = YES;
				CLANG_WARN_OBJC_LITERAL_CONVERSION = YES;
				CLANG_WARN_OBJC_ROOT_CLASS = YES_ERROR;
				CLANG_WARN_RANGE_LOOP_ANALYSIS = YES;
				CLANG_WARN_STRICT_PROTOTYPES = YES;
				CLANG_WARN_SUSPICIOUS_MOVE = YES;
				CLANG_WARN_UNGUARDED_AVAILABILITY = YES_AGGRESSIVE;
				CLANG_WARN_UNREACHABLE_CODE = YES;
				CLANG_WARN__DUPLICATE_METHOD_MATCH = YES;
				CODE_SIGN_IDENTITY = "iPhone Developer";
				COPY_PHASE_STRIP = NO;
				DEBUG_INFORMATION_FORMAT = dwarf;
				ENABLE_STRICT_OBJC_MSGSEND = YES;
				ENABLE_TESTABILITY = YES;
				GCC_C_LANGUAGE_STANDARD = gnu11;
				GCC_DYNAMIC_NO_PIC = NO;
				GCC_NO_COMMON_BLOCKS = YES;
				GCC_OPTIMIZATION_LEVEL = 0;
				GCC_PREPROCESSOR_DEFINITIONS = (
					"DEBUG=1",
					"$(inherited)",
				);
				GCC_WARN_64_TO_32_BIT_CONVERSION = YES;
				GCC_WARN_ABOUT_RETURN_TYPE = YES_ERROR;
				GCC_WARN_UNDECLARED_SELECTOR = YES;
				GCC_WARN_UNINITIALIZED_AUTOS = YES_AGGRESSIVE;
				GCC_WARN_UNUSED_FUNCTION = YES;
				GCC_WARN_UNUSED_VARIABLE = YES;
				IPHONEOS_DEPLOYMENT_TARGET = 12.1;
				MTL_ENABLE_DEBUG_INFO = INCLUDE_SOURCE;
				MTL_FAST_MATH = YES;
				ONLY_ACTIVE_ARCH = YES;
				SDKROOT = iphoneos;
				SWIFT_ACTIVE_COMPILATION_CONDITIONS = DEBUG;
				SWIFT_OPTIMIZATION_LEVEL = "-Onone";
			};
			name = Debug;
		};
		59D4F2C721EB25FC005D997E /* Release */ = {
			isa = XCBuildConfiguration;
			buildSettings = {
				ALWAYS_SEARCH_USER_PATHS = NO;
				CLANG_ANALYZER_NONNULL = YES;
				CLANG_ANALYZER_NUMBER_OBJECT_CONVERSION = YES_AGGRESSIVE;
				CLANG_CXX_LANGUAGE_STANDARD = "gnu++14";
				CLANG_CXX_LIBRARY = "libc++";
				CLANG_ENABLE_MODULES = YES;
				CLANG_ENABLE_OBJC_ARC = YES;
				CLANG_ENABLE_OBJC_WEAK = YES;
				CLANG_WARN_BLOCK_CAPTURE_AUTORELEASING = YES;
				CLANG_WARN_BOOL_CONVERSION = YES;
				CLANG_WARN_COMMA = YES;
				CLANG_WARN_CONSTANT_CONVERSION = YES;
				CLANG_WARN_DEPRECATED_OBJC_IMPLEMENTATIONS = YES;
				CLANG_WARN_DIRECT_OBJC_ISA_USAGE = YES_ERROR;
				CLANG_WARN_DOCUMENTATION_COMMENTS = YES;
				CLANG_WARN_EMPTY_BODY = YES;
				CLANG_WARN_ENUM_CONVERSION = YES;
				CLANG_WARN_INFINITE_RECURSION = YES;
				CLANG_WARN_INT_CONVERSION = YES;
				CLANG_WARN_NON_LITERAL_NULL_CONVERSION = YES;
				CLANG_WARN_OBJC_IMPLICIT_RETAIN_SELF = YES;
				CLANG_WARN_OBJC_LITERAL_CONVERSION = YES;
				CLANG_WARN_OBJC_ROOT_CLASS = YES_ERROR;
				CLANG_WARN_RANGE_LOOP_ANALYSIS = YES;
				CLANG_WARN_STRICT_PROTOTYPES = YES;
				CLANG_WARN_SUSPICIOUS_MOVE = YES;
				CLANG_WARN_UNGUARDED_AVAILABILITY = YES_AGGRESSIVE;
				CLANG_WARN_UNREACHABLE_CODE = YES;
				CLANG_WARN__DUPLICATE_METHOD_MATCH = YES;
				CODE_SIGN_IDENTITY = "iPhone Developer";
				COPY_PHASE_STRIP = NO;
				DEBUG_INFORMATION_FORMAT = "dwarf-with-dsym";
				ENABLE_NS_ASSERTIONS = NO;
				ENABLE_STRICT_OBJC_MSGSEND = YES;
				GCC_C_LANGUAGE_STANDARD = gnu11;
				GCC_NO_COMMON_BLOCKS = YES;
				GCC_WARN_64_TO_32_BIT_CONVERSION = YES;
				GCC_WARN_ABOUT_RETURN_TYPE = YES_ERROR;
				GCC_WARN_UNDECLARED_SELECTOR = YES;
				GCC_WARN_UNINITIALIZED_AUTOS = YES_AGGRESSIVE;
				GCC_WARN_UNUSED_FUNCTION = YES;
				GCC_WARN_UNUSED_VARIABLE = YES;
				IPHONEOS_DEPLOYMENT_TARGET = 12.1;
				MTL_ENABLE_DEBUG_INFO = NO;
				MTL_FAST_MATH = YES;
				SDKROOT = iphoneos;
				SWIFT_COMPILATION_MODE = wholemodule;
				SWIFT_OPTIMIZATION_LEVEL = "-O";
				VALIDATE_PRODUCT = YES;
			};
			name = Release;
		};
		59D4F2C921EB25FC005D997E /* Debug */ = {
			isa = XCBuildConfiguration;
			buildSettings = {
				ASSETCATALOG_COMPILER_APPICON_NAME = AppIcon;
				CODE_SIGN_STYLE = Automatic;
				INFOPLIST_FILE = FinalProject/Info.plist;
				LD_RUNPATH_SEARCH_PATHS = (
					"$(inherited)",
					"@executable_path/Frameworks",
				);
				PRODUCT_BUNDLE_IDENTIFIER = "-2.FinalProject";
				PRODUCT_NAME = "$(TARGET_NAME)";
				SWIFT_VERSION = 4.2;
				TARGETED_DEVICE_FAMILY = "1,2";
			};
			name = Debug;
		};
		59D4F2CA21EB25FC005D997E /* Release */ = {
			isa = XCBuildConfiguration;
			buildSettings = {
				ASSETCATALOG_COMPILER_APPICON_NAME = AppIcon;
				CODE_SIGN_STYLE = Automatic;
				INFOPLIST_FILE = FinalProject/Info.plist;
				LD_RUNPATH_SEARCH_PATHS = (
					"$(inherited)",
					"@executable_path/Frameworks",
				);
				PRODUCT_BUNDLE_IDENTIFIER = "-2.FinalProject";
				PRODUCT_NAME = "$(TARGET_NAME)";
				SWIFT_VERSION = 4.2;
				TARGETED_DEVICE_FAMILY = "1,2";
			};
			name = Release;
		};
/* End XCBuildConfiguration section */

/* Begin XCConfigurationList section */
		59D4F2B121EB25FA005D997E /* Build configuration list for PBXProject "FinalProject" */ = {
			isa = XCConfigurationList;
			buildConfigurations = (
				59D4F2C621EB25FC005D997E /* Debug */,
				59D4F2C721EB25FC005D997E /* Release */,
			);
			defaultConfigurationIsVisible = 0;
			defaultConfigurationName = Release;
		};
		59D4F2C821EB25FC005D997E /* Build configuration list for PBXNativeTarget "FinalProject" */ = {
			isa = XCConfigurationList;
			buildConfigurations = (
				59D4F2C921EB25FC005D997E /* Debug */,
				59D4F2CA21EB25FC005D997E /* Release */,
			);
			defaultConfigurationIsVisible = 0;
			defaultConfigurationName = Release;
		};
/* End XCConfigurationList section */
	};
	rootObject = 59D4F2AE21EB25FA005D997E /* Project object */;
}
